
Microsoft Visual Studio Solution File, Format Version 12.00
# Visual Studio 15
VisualStudioVersion = 15.0.28307.645
MinimumVisualStudioVersion = 10.0.40219.1
Project("{9A19103F-16F7-4668-BE54-9A1E7A4F7556}") = "DGraphSample.ConsoleApp", "DGraphSample.ConsoleApp\DGraphSample.ConsoleApp.csproj", "{B84C7207-A6AC-4C26-8E39-61B1372652A3}"
EndProject
Project("{9A19103F-16F7-4668-BE54-9A1E7A4F7556}") = "DGraphSample", "DGraphSample\DGraphSample.csproj", "{CF09BB92-D4D2-46DA-A623-859773C179C0}"
EndProject
Project("{FAE04EC0-301F-11D3-BF4B-00C04F79EFBC}") = "DGraphSample.Csv", "DGraphSample.Csv\DGraphSample.Csv.csproj", "{4F2B2407-7BB7-4159-9114-BA7FE9212AFD}"
EndProject
Project("{FAE04EC0-301F-11D3-BF4B-00C04F79EFBC}") = "DGraphSample.Exporter", "DGraphSample.Exporter\DGraphSample.Exporter.csproj", "{3EE48B6D-51DF-4ABF-AB7B-179CC84ED24C}"
EndProject
Global
	GlobalSection(SolutionConfigurationPlatforms) = preSolution
		Debug|Any CPU = Debug|Any CPU
		Release|Any CPU = Release|Any CPU
	EndGlobalSection
	GlobalSection(ProjectConfigurationPlatforms) = postSolution
		{B84C7207-A6AC-4C26-8E39-61B1372652A3}.Debug|Any CPU.ActiveCfg = Debug|Any CPU
		{B84C7207-A6AC-4C26-8E39-61B1372652A3}.Debug|Any CPU.Build.0 = Debug|Any CPU
		{B84C7207-A6AC-4C26-8E39-61B1372652A3}.Release|Any CPU.ActiveCfg = Release|Any CPU
		{B84C7207-A6AC-4C26-8E39-61B1372652A3}.Release|Any CPU.Build.0 = Release|Any CPU
		{CF09BB92-D4D2-46DA-A623-859773C179C0}.Debug|Any CPU.ActiveCfg = Debug|Any CPU
		{CF09BB92-D4D2-46DA-A623-859773C179C0}.Debug|Any CPU.Build.0 = Debug|Any CPU
		{CF09BB92-D4D2-46DA-A623-859773C179C0}.Release|Any CPU.ActiveCfg = Release|Any CPU
		{CF09BB92-D4D2-46DA-A623-859773C179C0}.Release|Any CPU.Build.0 = Release|Any CPU
		{4F2B2407-7BB7-4159-9114-BA7FE9212AFD}.Debug|Any CPU.ActiveCfg = Debug|Any CPU
		{4F2B2407-7BB7-4159-9114-BA7FE9212AFD}.Debug|Any CPU.Build.0 = Debug|Any CPU
		{4F2B2407-7BB7-4159-9114-BA7FE9212AFD}.Release|Any CPU.ActiveCfg = Release|Any CPU
		{4F2B2407-7BB7-4159-9114-BA7FE9212AFD}.Release|Any CPU.Build.0 = Release|Any CPU
		{3EE48B6D-51DF-4ABF-AB7B-179CC84ED24C}.Debug|Any CPU.ActiveCfg = Debug|Any CPU
		{3EE48B6D-51DF-4ABF-AB7B-179CC84ED24C}.Debug|Any CPU.Build.0 = Debug|Any CPU
		{3EE48B6D-51DF-4ABF-AB7B-179CC84ED24C}.Release|Any CPU.ActiveCfg = Release|Any CPU
		{3EE48B6D-51DF-4ABF-AB7B-179CC84ED24C}.Release|Any CPU.Build.0 = Release|Any CPU
	EndGlobalSection
	GlobalSection(SolutionProperties) = preSolution
		HideSolutionNode = FALSE
	EndGlobalSection
	GlobalSection(ExtensibilityGlobals) = postSolution
		SolutionGuid = {1BD8421C-500C-41E3-95ED-8865021EABE7}
	EndGlobalSection
EndGlobal
