
Microsoft Visual Studio Solution File, Format Version 12.00
# Visual Studio Version 16
VisualStudioVersion = 16.0.29609.76
MinimumVisualStudioVersion = 10.0.40219.1
Project("{9A19103F-16F7-4668-BE54-9A1E7A4F7556}") = "DGraphSample.Exporter", "DGraphSample.Exporter\DGraphSample.Exporter.csproj", "{3EE48B6D-51DF-4ABF-AB7B-179CC84ED24C}"
EndProject
Project("{9A19103F-16F7-4668-BE54-9A1E7A4F7556}") = "DGraphSample.Csv.Aotp", "DGraphSample.Csv.Aotp\DGraphSample.Csv.Aotp.csproj", "{73E6EC87-7EED-4EC8-8385-E285847A159C}"
EndProject
Project("{9A19103F-16F7-4668-BE54-9A1E7A4F7556}") = "DGraphSample.Csv.Asos", "DGraphSample.Csv.Asos\DGraphSample.Csv.Asos.csproj", "{9E76414C-1A4E-4776-BB09-65561CAFA723}"
EndProject
Project("{9A19103F-16F7-4668-BE54-9A1E7A4F7556}") = "DGraphSample.Csv.Ncar", "DGraphSample.Csv.Ncar\DGraphSample.Csv.Ncar.csproj", "{121FBE38-3E4F-466D-9798-E976F9874EE1}"
EndProject
Project("{9A19103F-16F7-4668-BE54-9A1E7A4F7556}") = "DGraphSample.Csv.Faa", "DGraphSample.Csv.Faa\DGraphSample.Csv.Faa.csproj", "{A9D02E5E-A871-479D-AA67-964CE013591A}"
EndProject
Global
	GlobalSection(SolutionConfigurationPlatforms) = preSolution
		Debug|Any CPU = Debug|Any CPU
		Release|Any CPU = Release|Any CPU
	EndGlobalSection
	GlobalSection(ProjectConfigurationPlatforms) = postSolution
		{3EE48B6D-51DF-4ABF-AB7B-179CC84ED24C}.Debug|Any CPU.ActiveCfg = Debug|Any CPU
		{3EE48B6D-51DF-4ABF-AB7B-179CC84ED24C}.Debug|Any CPU.Build.0 = Debug|Any CPU
		{3EE48B6D-51DF-4ABF-AB7B-179CC84ED24C}.Release|Any CPU.ActiveCfg = Release|Any CPU
		{3EE48B6D-51DF-4ABF-AB7B-179CC84ED24C}.Release|Any CPU.Build.0 = Release|Any CPU
		{73E6EC87-7EED-4EC8-8385-E285847A159C}.Debug|Any CPU.ActiveCfg = Debug|Any CPU
		{73E6EC87-7EED-4EC8-8385-E285847A159C}.Debug|Any CPU.Build.0 = Debug|Any CPU
		{73E6EC87-7EED-4EC8-8385-E285847A159C}.Release|Any CPU.ActiveCfg = Release|Any CPU
		{73E6EC87-7EED-4EC8-8385-E285847A159C}.Release|Any CPU.Build.0 = Release|Any CPU
		{9E76414C-1A4E-4776-BB09-65561CAFA723}.Debug|Any CPU.ActiveCfg = Debug|Any CPU
		{9E76414C-1A4E-4776-BB09-65561CAFA723}.Debug|Any CPU.Build.0 = Debug|Any CPU
		{9E76414C-1A4E-4776-BB09-65561CAFA723}.Release|Any CPU.ActiveCfg = Release|Any CPU
		{9E76414C-1A4E-4776-BB09-65561CAFA723}.Release|Any CPU.Build.0 = Release|Any CPU
		{121FBE38-3E4F-466D-9798-E976F9874EE1}.Debug|Any CPU.ActiveCfg = Debug|Any CPU
		{121FBE38-3E4F-466D-9798-E976F9874EE1}.Debug|Any CPU.Build.0 = Debug|Any CPU
		{121FBE38-3E4F-466D-9798-E976F9874EE1}.Release|Any CPU.ActiveCfg = Release|Any CPU
		{121FBE38-3E4F-466D-9798-E976F9874EE1}.Release|Any CPU.Build.0 = Release|Any CPU
		{A9D02E5E-A871-479D-AA67-964CE013591A}.Debug|Any CPU.ActiveCfg = Debug|Any CPU
		{A9D02E5E-A871-479D-AA67-964CE013591A}.Debug|Any CPU.Build.0 = Debug|Any CPU
		{A9D02E5E-A871-479D-AA67-964CE013591A}.Release|Any CPU.ActiveCfg = Release|Any CPU
		{A9D02E5E-A871-479D-AA67-964CE013591A}.Release|Any CPU.Build.0 = Release|Any CPU
	EndGlobalSection
	GlobalSection(SolutionProperties) = preSolution
		HideSolutionNode = FALSE
	EndGlobalSection
	GlobalSection(ExtensibilityGlobals) = postSolution
		SolutionGuid = {1BD8421C-500C-41E3-95ED-8865021EABE7}
	EndGlobalSection
EndGlobal
